
Microsoft Visual Studio Solution File, Format Version 12.00
# Visual Studio Version 17
VisualStudioVersion = 17.2.32519.379
MinimumVisualStudioVersion = 10.0.40219.1
Project("{FAE04EC0-301F-11D3-BF4B-00C04F79EFBC}") = "HMHESAPMAKINASI", "HMHESAPMAKINASI\HMHESAPMAKINASI.csproj", "{8838D02E-DEC3-40D5-B60C-6412C1DEBCB4}"
EndProject
Global
	GlobalSection(SolutionConfigurationPlatforms) = preSolution
		Debug|Any CPU = Debug|Any CPU
		Release|Any CPU = Release|Any CPU
	EndGlobalSection
	GlobalSection(ProjectConfigurationPlatforms) = postSolution
		{8838D02E-DEC3-40D5-B60C-6412C1DEBCB4}.Debug|Any CPU.ActiveCfg = Debug|Any CPU
		{8838D02E-DEC3-40D5-B60C-6412C1DEBCB4}.Debug|Any CPU.Build.0 = Debug|Any CPU
		{8838D02E-DEC3-40D5-B60C-6412C1DEBCB4}.Release|Any CPU.ActiveCfg = Release|Any CPU
		{8838D02E-DEC3-40D5-B60C-6412C1DEBCB4}.Release|Any CPU.Build.0 = Release|Any CPU
	EndGlobalSection
	GlobalSection(SolutionProperties) = preSolution
		HideSolutionNode = FALSE
	EndGlobalSection
	GlobalSection(ExtensibilityGlobals) = postSolution
		SolutionGuid = {2FB8F9A7-36A1-40E2-AFD2-3D7E704D0809}
	EndGlobalSection
EndGlobal
